
Microsoft Visual Studio Solution File, Format Version 12.00
# Visual Studio Version 16
VisualStudioVersion = 16.0.31205.134
MinimumVisualStudioVersion = 10.0.40219.1
Project("{FAE04EC0-301F-11D3-BF4B-00C04F79EFBC}") = "WebAPI.Core.Authentication.Api", "WebAPI.Core.Authentication.Api\WebAPI.Core.Authentication.Api.csproj", "{2FCFD1D0-E5D5-4DA1-9EF6-49EB25B37CB2}"
EndProject
Global
	GlobalSection(SolutionConfigurationPlatforms) = preSolution
		Debug|Any CPU = Debug|Any CPU
		Release|Any CPU = Release|Any CPU
	EndGlobalSection
	GlobalSection(ProjectConfigurationPlatforms) = postSolution
		{2FCFD1D0-E5D5-4DA1-9EF6-49EB25B37CB2}.Debug|Any CPU.ActiveCfg = Debug|Any CPU
		{2FCFD1D0-E5D5-4DA1-9EF6-49EB25B37CB2}.Debug|Any CPU.Build.0 = Debug|Any CPU
		{2FCFD1D0-E5D5-4DA1-9EF6-49EB25B37CB2}.Release|Any CPU.ActiveCfg = Release|Any CPU
		{2FCFD1D0-E5D5-4DA1-9EF6-49EB25B37CB2}.Release|Any CPU.Build.0 = Release|Any CPU
	EndGlobalSection
	GlobalSection(SolutionProperties) = preSolution
		HideSolutionNode = FALSE
	EndGlobalSection
	GlobalSection(ExtensibilityGlobals) = postSolution
		SolutionGuid = {768663EE-3498-428A-97F1-A122EC092EB8}
	EndGlobalSection
EndGlobal
